
Microsoft Visual Studio Solution File, Format Version 12.00
# Visual Studio Version 16
VisualStudioVersion = 16.0.31729.503
MinimumVisualStudioVersion = 10.0.40219.1
Project("{FAE04EC0-301F-11D3-BF4B-00C04F79EFBC}") = "HCI_MiniProjekat", "HCI_MiniProjekat\HCI_MiniProjekat.csproj", "{CD146CF3-095E-44A9-B706-0EC3BB3396D7}"
EndProject
Global
	GlobalSection(SolutionConfigurationPlatforms) = preSolution
		Debug|Any CPU = Debug|Any CPU
		Release|Any CPU = Release|Any CPU
	EndGlobalSection
	GlobalSection(ProjectConfigurationPlatforms) = postSolution
		{CD146CF3-095E-44A9-B706-0EC3BB3396D7}.Debug|Any CPU.ActiveCfg = Debug|Any CPU
		{CD146CF3-095E-44A9-B706-0EC3BB3396D7}.Debug|Any CPU.Build.0 = Debug|Any CPU
		{CD146CF3-095E-44A9-B706-0EC3BB3396D7}.Release|Any CPU.ActiveCfg = Release|Any CPU
		{CD146CF3-095E-44A9-B706-0EC3BB3396D7}.Release|Any CPU.Build.0 = Release|Any CPU
	EndGlobalSection
	GlobalSection(SolutionProperties) = preSolution
		HideSolutionNode = FALSE
	EndGlobalSection
	GlobalSection(ExtensibilityGlobals) = postSolution
		SolutionGuid = {B14E2545-AF3D-4D21-B84F-37ACE0FC8786}
	EndGlobalSection
EndGlobal
